// !$*UTF8*$!
{
	archiveVersion = 1;
	classes = {
	};
	objectVersion = 56;
	objects = {

/* Begin PBXBuildFile section */
		D032E33C2BD6A0DD00C957E3 /* UserStatView.swift in Sources */ = {isa = PBXBuildFile; fileRef = D032E33B2BD6A0DD00C957E3 /* UserStatView.swift */; };
		D032E33E2BD6AF8000C957E3 /* FeedView.swift in Sources */ = {isa = PBXBuildFile; fileRef = D032E33D2BD6AF8000C957E3 /* FeedView.swift */; };
		D032E3402BD6AF9300C957E3 /* FeedCell.swift in Sources */ = {isa = PBXBuildFile; fileRef = D032E33F2BD6AF9300C957E3 /* FeedCell.swift */; };
		D032E3422BD6B8F200C957E3 /* SearchView.swift in Sources */ = {isa = PBXBuildFile; fileRef = D032E3412BD6B8F200C957E3 /* SearchView.swift */; };
		D032E3442BD6BC7300C957E3 /* LoginView.swift in Sources */ = {isa = PBXBuildFile; fileRef = D032E3432BD6BC7300C957E3 /* LoginView.swift */; };
		D032E3462BD7F9B500C957E3 /* AddEmailView.swift in Sources */ = {isa = PBXBuildFile; fileRef = D032E3452BD7F9B500C957E3 /* AddEmailView.swift */; };
		D032E3482BD7FD9100C957E3 /* IGTextFieldModifire.swift in Sources */ = {isa = PBXBuildFile; fileRef = D032E3472BD7FD9100C957E3 /* IGTextFieldModifire.swift */; };
		D032E34A2BD7FE7F00C957E3 /* CreateUsernameView.swift in Sources */ = {isa = PBXBuildFile; fileRef = D032E3492BD7FE7F00C957E3 /* CreateUsernameView.swift */; };
		D032E34C2BD800E600C957E3 /* CreatePasswordView.swift in Sources */ = {isa = PBXBuildFile; fileRef = D032E34B2BD800E600C957E3 /* CreatePasswordView.swift */; };
		D032E34E2BD801EB00C957E3 /* CompleteSignUpView.swift in Sources */ = {isa = PBXBuildFile; fileRef = D032E34D2BD801EB00C957E3 /* CompleteSignUpView.swift */; };
		D032E3502BD8046500C957E3 /* User.swift in Sources */ = {isa = PBXBuildFile; fileRef = D032E34F2BD8046500C957E3 /* User.swift */; };
		D032E3522BD80DBE00C957E3 /* CurrentUserProfileView.swift in Sources */ = {isa = PBXBuildFile; fileRef = D032E3512BD80DBE00C957E3 /* CurrentUserProfileView.swift */; };
		D06336692BE690320086498F /* LoginViewModel.swift in Sources */ = {isa = PBXBuildFile; fileRef = D06336682BE690320086498F /* LoginViewModel.swift */; };
		D063366B2BE9386C0086498F /* UserService.swift in Sources */ = {isa = PBXBuildFile; fileRef = D063366A2BE9386B0086498F /* UserService.swift */; };
		D063366F2BE93A200086498F /* SearchViewModel.swift in Sources */ = {isa = PBXBuildFile; fileRef = D063366E2BE93A200086498F /* SearchViewModel.swift */; };
		D06336712BE948860086498F /* EditProfileView.swift in Sources */ = {isa = PBXBuildFile; fileRef = D06336702BE948850086498F /* EditProfileView.swift */; };
		D06336752BE94EDA0086498F /* EditProfileViewModel.swift in Sources */ = {isa = PBXBuildFile; fileRef = D06336742BE94EDA0086498F /* EditProfileViewModel.swift */; };
		D07D11682BDBE5B9007F32C1 /* Post.swift in Sources */ = {isa = PBXBuildFile; fileRef = D07D11672BDBE5B9007F32C1 /* Post.swift */; };
		D07D116A2BDBF16A007F32C1 /* PostGridView.swift in Sources */ = {isa = PBXBuildFile; fileRef = D07D11692BDBF16A007F32C1 /* PostGridView.swift */; };
		D07D116C2BDBF411007F32C1 /* ProfileHeaderView.swift in Sources */ = {isa = PBXBuildFile; fileRef = D07D116B2BDBF411007F32C1 /* ProfileHeaderView.swift */; };
		D07D116E2BDBF778007F32C1 /* UploadPostView.swift in Sources */ = {isa = PBXBuildFile; fileRef = D07D116D2BDBF778007F32C1 /* UploadPostView.swift */; };
		D07D11702BDC0BD6007F32C1 /* UploadPostViewModel.swift in Sources */ = {isa = PBXBuildFile; fileRef = D07D116F2BDC0BD6007F32C1 /* UploadPostViewModel.swift */; };
		D0C047FB2BE3D9AE00B9BB21 /* RegistrationViewModel.swift in Sources */ = {isa = PBXBuildFile; fileRef = D0C047FA2BE3D9AE00B9BB21 /* RegistrationViewModel.swift */; };
		D0E82FF92BDD943A002322D0 /* GoogleService-Info.plist in Resources */ = {isa = PBXBuildFile; fileRef = D0E82FF82BDD943A002322D0 /* GoogleService-Info.plist */; };
		D0E82FFC2BDD94CF002322D0 /* FirebaseAnalytics in Frameworks */ = {isa = PBXBuildFile; productRef = D0E82FFB2BDD94CF002322D0 /* FirebaseAnalytics */; };
		D0E82FFE2BDD94CF002322D0 /* FirebaseAnalyticsOnDeviceConversion in Frameworks */ = {isa = PBXBuildFile; productRef = D0E82FFD2BDD94CF002322D0 /* FirebaseAnalyticsOnDeviceConversion */; };
		D0E830002BDD94CF002322D0 /* FirebaseAnalyticsSwift in Frameworks */ = {isa = PBXBuildFile; productRef = D0E82FFF2BDD94CF002322D0 /* FirebaseAnalyticsSwift */; };
		D0E830022BDD94CF002322D0 /* FirebaseAnalyticsWithoutAdIdSupport in Frameworks */ = {isa = PBXBuildFile; productRef = D0E830012BDD94CF002322D0 /* FirebaseAnalyticsWithoutAdIdSupport */; };
		D0E830042BDD94CF002322D0 /* FirebaseAppCheck in Frameworks */ = {isa = PBXBuildFile; productRef = D0E830032BDD94CF002322D0 /* FirebaseAppCheck */; };
		D0E830062BDD94CF002322D0 /* FirebaseAppDistribution-Beta in Frameworks */ = {isa = PBXBuildFile; productRef = D0E830052BDD94CF002322D0 /* FirebaseAppDistribution-Beta */; };
		D0E830082BDD94CF002322D0 /* FirebaseAuth in Frameworks */ = {isa = PBXBuildFile; productRef = D0E830072BDD94CF002322D0 /* FirebaseAuth */; };
		D0E8300A2BDD94CF002322D0 /* FirebaseAuthCombine-Community in Frameworks */ = {isa = PBXBuildFile; productRef = D0E830092BDD94CF002322D0 /* FirebaseAuthCombine-Community */; };
		D0E8300C2BDD94CF002322D0 /* FirebaseCrashlytics in Frameworks */ = {isa = PBXBuildFile; productRef = D0E8300B2BDD94CF002322D0 /* FirebaseCrashlytics */; };
		D0E8300E2BDD94CF002322D0 /* FirebaseDatabase in Frameworks */ = {isa = PBXBuildFile; productRef = D0E8300D2BDD94CF002322D0 /* FirebaseDatabase */; };
		D0E830102BDD94CF002322D0 /* FirebaseDatabaseSwift in Frameworks */ = {isa = PBXBuildFile; productRef = D0E8300F2BDD94CF002322D0 /* FirebaseDatabaseSwift */; };
		D0E830122BDD94CF002322D0 /* FirebaseDynamicLinks in Frameworks */ = {isa = PBXBuildFile; productRef = D0E830112BDD94CF002322D0 /* FirebaseDynamicLinks */; };
		D0E830142BDD94CF002322D0 /* FirebaseFirestore in Frameworks */ = {isa = PBXBuildFile; productRef = D0E830132BDD94CF002322D0 /* FirebaseFirestore */; };
		D0E830162BDD94CF002322D0 /* FirebaseFirestoreCombine-Community in Frameworks */ = {isa = PBXBuildFile; productRef = D0E830152BDD94CF002322D0 /* FirebaseFirestoreCombine-Community */; };
		D0E830182BDD94CF002322D0 /* FirebaseFirestoreSwift in Frameworks */ = {isa = PBXBuildFile; productRef = D0E830172BDD94CF002322D0 /* FirebaseFirestoreSwift */; };
		D0E8301A2BDD94CF002322D0 /* FirebaseFunctions in Frameworks */ = {isa = PBXBuildFile; productRef = D0E830192BDD94CF002322D0 /* FirebaseFunctions */; };
		D0E8301C2BDD94CF002322D0 /* FirebaseFunctionsCombine-Community in Frameworks */ = {isa = PBXBuildFile; productRef = D0E8301B2BDD94CF002322D0 /* FirebaseFunctionsCombine-Community */; };
		D0E8301E2BDD94CF002322D0 /* FirebaseInAppMessaging-Beta in Frameworks */ = {isa = PBXBuildFile; productRef = D0E8301D2BDD94CF002322D0 /* FirebaseInAppMessaging-Beta */; };
		D0E830202BDD94CF002322D0 /* FirebaseInAppMessagingSwift-Beta in Frameworks */ = {isa = PBXBuildFile; productRef = D0E8301F2BDD94CF002322D0 /* FirebaseInAppMessagingSwift-Beta */; };
		D0E830222BDD94CF002322D0 /* FirebaseInstallations in Frameworks */ = {isa = PBXBuildFile; productRef = D0E830212BDD94CF002322D0 /* FirebaseInstallations */; };
		D0E830242BDD94CF002322D0 /* FirebaseMLModelDownloader in Frameworks */ = {isa = PBXBuildFile; productRef = D0E830232BDD94CF002322D0 /* FirebaseMLModelDownloader */; };
		D0E830262BDD94CF002322D0 /* FirebaseMessaging in Frameworks */ = {isa = PBXBuildFile; productRef = D0E830252BDD94CF002322D0 /* FirebaseMessaging */; };
		D0E830282BDD94CF002322D0 /* FirebasePerformance in Frameworks */ = {isa = PBXBuildFile; productRef = D0E830272BDD94CF002322D0 /* FirebasePerformance */; };
		D0E8302A2BDD94CF002322D0 /* FirebaseRemoteConfig in Frameworks */ = {isa = PBXBuildFile; productRef = D0E830292BDD94CF002322D0 /* FirebaseRemoteConfig */; };
		D0E8302C2BDD94CF002322D0 /* FirebaseRemoteConfigSwift in Frameworks */ = {isa = PBXBuildFile; productRef = D0E8302B2BDD94CF002322D0 /* FirebaseRemoteConfigSwift */; };
		D0E8302E2BDD94CF002322D0 /* FirebaseStorage in Frameworks */ = {isa = PBXBuildFile; productRef = D0E8302D2BDD94CF002322D0 /* FirebaseStorage */; };
		D0E830302BDD94CF002322D0 /* FirebaseStorageCombine-Community in Frameworks */ = {isa = PBXBuildFile; productRef = D0E8302F2BDD94CF002322D0 /* FirebaseStorageCombine-Community */; };
		D0E830342BDD96B8002322D0 /* AuthService.swift in Sources */ = {isa = PBXBuildFile; fileRef = D0E830332BDD96B8002322D0 /* AuthService.swift */; };
		D0E830382BDD9833002322D0 /* ContentViewModel.swift in Sources */ = {isa = PBXBuildFile; fileRef = D0E830372BDD9833002322D0 /* ContentViewModel.swift */; };
		D0FD47092C6E27E800C9C40E /* ImageUploader.swift in Sources */ = {isa = PBXBuildFile; fileRef = D0FD47082C6E27E800C9C40E /* ImageUploader.swift */; };
		D0FD470C2C6E2F2200C9C40E /* Kingfisher in Frameworks */ = {isa = PBXBuildFile; productRef = D0FD470B2C6E2F2200C9C40E /* Kingfisher */; };
		D0FD470E2C6E2FC900C9C40E /* CircularProfileImageView.swift in Sources */ = {isa = PBXBuildFile; fileRef = D0FD470D2C6E2FC900C9C40E /* CircularProfileImageView.swift */; };
		D0FD47142C6F9E7700C9C40E /* FeedViewModel.swift in Sources */ = {isa = PBXBuildFile; fileRef = D0FD47132C6F9E7700C9C40E /* FeedViewModel.swift */; };
		D0FD47162C6FA67200C9C40E /* PostSetvice.swift in Sources */ = {isa = PBXBuildFile; fileRef = D0FD47152C6FA67200C9C40E /* PostSetvice.swift */; };
		D0FD471A2C6FAABA00C9C40E /* PostGridViewModel.swift in Sources */ = {isa = PBXBuildFile; fileRef = D0FD47192C6FAABA00C9C40E /* PostGridViewModel.swift */; };
		D0FD4E632BD3D1690040DE96 /* SocialNetworkApp.swift in Sources */ = {isa = PBXBuildFile; fileRef = D0FD4E622BD3D1690040DE96 /* SocialNetworkApp.swift */; };
		D0FD4E652BD3D1690040DE96 /* ContentView.swift in Sources */ = {isa = PBXBuildFile; fileRef = D0FD4E642BD3D1690040DE96 /* ContentView.swift */; };
		D0FD4E672BD3D16A0040DE96 /* Assets.xcassets in Resources */ = {isa = PBXBuildFile; fileRef = D0FD4E662BD3D16A0040DE96 /* Assets.xcassets */; };
		D0FD4E6A2BD3D16A0040DE96 /* Preview Assets.xcassets in Resources */ = {isa = PBXBuildFile; fileRef = D0FD4E692BD3D16A0040DE96 /* Preview Assets.xcassets */; };
		D0FD4E7D2BD3D3570040DE96 /* MainTabView.swift in Sources */ = {isa = PBXBuildFile; fileRef = D0FD4E7C2BD3D3570040DE96 /* MainTabView.swift */; };
		D0FD4E7F2BD3D4BA0040DE96 /* ProfileView.swift in Sources */ = {isa = PBXBuildFile; fileRef = D0FD4E7E2BD3D4BA0040DE96 /* ProfileView.swift */; };
/* End PBXBuildFile section */

/* Begin PBXFileReference section */
		D032E33B2BD6A0DD00C957E3 /* UserStatView.swift */ = {isa = PBXFileReference; lastKnownFileType = sourcecode.swift; path = UserStatView.swift; sourceTree = "<group>"; };
		D032E33D2BD6AF8000C957E3 /* FeedView.swift */ = {isa = PBXFileReference; lastKnownFileType = sourcecode.swift; path = FeedView.swift; sourceTree = "<group>"; };
		D032E33F2BD6AF9300C957E3 /* FeedCell.swift */ = {isa = PBXFileReference; lastKnownFileType = sourcecode.swift; path = FeedCell.swift; sourceTree = "<group>"; };
		D032E3412BD6B8F200C957E3 /* SearchView.swift */ = {isa = PBXFileReference; lastKnownFileType = sourcecode.swift; path = SearchView.swift; sourceTree = "<group>"; };
		D032E3432BD6BC7300C957E3 /* LoginView.swift */ = {isa = PBXFileReference; lastKnownFileType = sourcecode.swift; path = LoginView.swift; sourceTree = "<group>"; };
		D032E3452BD7F9B500C957E3 /* AddEmailView.swift */ = {isa = PBXFileReference; lastKnownFileType = sourcecode.swift; path = AddEmailView.swift; sourceTree = "<group>"; };
		D032E3472BD7FD9100C957E3 /* IGTextFieldModifire.swift */ = {isa = PBXFileReference; lastKnownFileType = sourcecode.swift; path = IGTextFieldModifire.swift; sourceTree = "<group>"; };
		D032E3492BD7FE7F00C957E3 /* CreateUsernameView.swift */ = {isa = PBXFileReference; lastKnownFileType = sourcecode.swift; path = CreateUsernameView.swift; sourceTree = "<group>"; };
		D032E34B2BD800E600C957E3 /* CreatePasswordView.swift */ = {isa = PBXFileReference; lastKnownFileType = sourcecode.swift; path = CreatePasswordView.swift; sourceTree = "<group>"; };
		D032E34D2BD801EB00C957E3 /* CompleteSignUpView.swift */ = {isa = PBXFileReference; lastKnownFileType = sourcecode.swift; path = CompleteSignUpView.swift; sourceTree = "<group>"; };
		D032E34F2BD8046500C957E3 /* User.swift */ = {isa = PBXFileReference; lastKnownFileType = sourcecode.swift; path = User.swift; sourceTree = "<group>"; };
		D032E3512BD80DBE00C957E3 /* CurrentUserProfileView.swift */ = {isa = PBXFileReference; lastKnownFileType = sourcecode.swift; path = CurrentUserProfileView.swift; sourceTree = "<group>"; };
		D06336682BE690320086498F /* LoginViewModel.swift */ = {isa = PBXFileReference; lastKnownFileType = sourcecode.swift; path = LoginViewModel.swift; sourceTree = "<group>"; };
		D063366A2BE9386B0086498F /* UserService.swift */ = {isa = PBXFileReference; lastKnownFileType = sourcecode.swift; path = UserService.swift; sourceTree = "<group>"; };
		D063366E2BE93A200086498F /* SearchViewModel.swift */ = {isa = PBXFileReference; lastKnownFileType = sourcecode.swift; path = SearchViewModel.swift; sourceTree = "<group>"; };
		D06336702BE948850086498F /* EditProfileView.swift */ = {isa = PBXFileReference; lastKnownFileType = sourcecode.swift; path = EditProfileView.swift; sourceTree = "<group>"; };
		D06336742BE94EDA0086498F /* EditProfileViewModel.swift */ = {isa = PBXFileReference; lastKnownFileType = sourcecode.swift; path = EditProfileViewModel.swift; sourceTree = "<group>"; };
		D07D11672BDBE5B9007F32C1 /* Post.swift */ = {isa = PBXFileReference; lastKnownFileType = sourcecode.swift; path = Post.swift; sourceTree = "<group>"; };
		D07D11692BDBF16A007F32C1 /* PostGridView.swift */ = {isa = PBXFileReference; lastKnownFileType = sourcecode.swift; path = PostGridView.swift; sourceTree = "<group>"; };
		D07D116B2BDBF411007F32C1 /* ProfileHeaderView.swift */ = {isa = PBXFileReference; lastKnownFileType = sourcecode.swift; path = ProfileHeaderView.swift; sourceTree = "<group>"; };
		D07D116D2BDBF778007F32C1 /* UploadPostView.swift */ = {isa = PBXFileReference; lastKnownFileType = sourcecode.swift; path = UploadPostView.swift; sourceTree = "<group>"; };
		D07D116F2BDC0BD6007F32C1 /* UploadPostViewModel.swift */ = {isa = PBXFileReference; lastKnownFileType = sourcecode.swift; path = UploadPostViewModel.swift; sourceTree = "<group>"; };
		D0C047FA2BE3D9AE00B9BB21 /* RegistrationViewModel.swift */ = {isa = PBXFileReference; lastKnownFileType = sourcecode.swift; path = RegistrationViewModel.swift; sourceTree = "<group>"; };
		D0E82FF82BDD943A002322D0 /* GoogleService-Info.plist */ = {isa = PBXFileReference; lastKnownFileType = text.plist; path = "GoogleService-Info.plist"; sourceTree = SOURCE_ROOT; };
		D0E830332BDD96B8002322D0 /* AuthService.swift */ = {isa = PBXFileReference; lastKnownFileType = sourcecode.swift; path = AuthService.swift; sourceTree = "<group>"; };
		D0E830372BDD9833002322D0 /* ContentViewModel.swift */ = {isa = PBXFileReference; lastKnownFileType = sourcecode.swift; path = ContentViewModel.swift; sourceTree = "<group>"; };
		D0FD47082C6E27E800C9C40E /* ImageUploader.swift */ = {isa = PBXFileReference; lastKnownFileType = sourcecode.swift; path = ImageUploader.swift; sourceTree = "<group>"; };
		D0FD470D2C6E2FC900C9C40E /* CircularProfileImageView.swift */ = {isa = PBXFileReference; lastKnownFileType = sourcecode.swift; path = CircularProfileImageView.swift; sourceTree = "<group>"; };
		D0FD47132C6F9E7700C9C40E /* FeedViewModel.swift */ = {isa = PBXFileReference; lastKnownFileType = sourcecode.swift; path = FeedViewModel.swift; sourceTree = "<group>"; };
		D0FD47152C6FA67200C9C40E /* PostSetvice.swift */ = {isa = PBXFileReference; lastKnownFileType = sourcecode.swift; path = PostSetvice.swift; sourceTree = "<group>"; };
		D0FD47192C6FAABA00C9C40E /* PostGridViewModel.swift */ = {isa = PBXFileReference; lastKnownFileType = sourcecode.swift; path = PostGridViewModel.swift; sourceTree = "<group>"; };
		D0FD4E5F2BD3D1690040DE96 /* SocialNetwork.app */ = {isa = PBXFileReference; explicitFileType = wrapper.application; includeInIndex = 0; path = SocialNetwork.app; sourceTree = BUILT_PRODUCTS_DIR; };
		D0FD4E622BD3D1690040DE96 /* SocialNetworkApp.swift */ = {isa = PBXFileReference; lastKnownFileType = sourcecode.swift; path = SocialNetworkApp.swift; sourceTree = "<group>"; };
		D0FD4E642BD3D1690040DE96 /* ContentView.swift */ = {isa = PBXFileReference; lastKnownFileType = sourcecode.swift; path = ContentView.swift; sourceTree = "<group>"; };
		D0FD4E662BD3D16A0040DE96 /* Assets.xcassets */ = {isa = PBXFileReference; lastKnownFileType = folder.assetcatalog; path = Assets.xcassets; sourceTree = "<group>"; };
		D0FD4E692BD3D16A0040DE96 /* Preview Assets.xcassets */ = {isa = PBXFileReference; lastKnownFileType = folder.assetcatalog; path = "Preview Assets.xcassets"; sourceTree = "<group>"; };
		D0FD4E7C2BD3D3570040DE96 /* MainTabView.swift */ = {isa = PBXFileReference; lastKnownFileType = sourcecode.swift; path = MainTabView.swift; sourceTree = "<group>"; };
		D0FD4E7E2BD3D4BA0040DE96 /* ProfileView.swift */ = {isa = PBXFileReference; lastKnownFileType = sourcecode.swift; path = ProfileView.swift; sourceTree = "<group>"; };
/* End PBXFileReference section */

/* Begin PBXFrameworksBuildPhase section */
		D0FD4E5C2BD3D1690040DE96 /* Frameworks */ = {
			isa = PBXFrameworksBuildPhase;
			buildActionMask = 2147483647;
			files = (
				D0E8300E2BDD94CF002322D0 /* FirebaseDatabase in Frameworks */,
				D0E8301C2BDD94CF002322D0 /* FirebaseFunctionsCombine-Community in Frameworks */,
				D0E830142BDD94CF002322D0 /* FirebaseFirestore in Frameworks */,
				D0E830002BDD94CF002322D0 /* FirebaseAnalyticsSwift in Frameworks */,
				D0E82FFC2BDD94CF002322D0 /* FirebaseAnalytics in Frameworks */,
				D0E82FFE2BDD94CF002322D0 /* FirebaseAnalyticsOnDeviceConversion in Frameworks */,
				D0E830242BDD94CF002322D0 /* FirebaseMLModelDownloader in Frameworks */,
				D0E830182BDD94CF002322D0 /* FirebaseFirestoreSwift in Frameworks */,
				D0E830042BDD94CF002322D0 /* FirebaseAppCheck in Frameworks */,
				D0E830022BDD94CF002322D0 /* FirebaseAnalyticsWithoutAdIdSupport in Frameworks */,
				D0E830082BDD94CF002322D0 /* FirebaseAuth in Frameworks */,
				D0E8300C2BDD94CF002322D0 /* FirebaseCrashlytics in Frameworks */,
				D0E8302C2BDD94CF002322D0 /* FirebaseRemoteConfigSwift in Frameworks */,
				D0E8301E2BDD94CF002322D0 /* FirebaseInAppMessaging-Beta in Frameworks */,
				D0E830102BDD94CF002322D0 /* FirebaseDatabaseSwift in Frameworks */,
				D0E8301A2BDD94CF002322D0 /* FirebaseFunctions in Frameworks */,
				D0FD470C2C6E2F2200C9C40E /* Kingfisher in Frameworks */,
				D0E830302BDD94CF002322D0 /* FirebaseStorageCombine-Community in Frameworks */,
				D0E8302A2BDD94CF002322D0 /* FirebaseRemoteConfig in Frameworks */,
				D0E830062BDD94CF002322D0 /* FirebaseAppDistribution-Beta in Frameworks */,
				D0E8300A2BDD94CF002322D0 /* FirebaseAuthCombine-Community in Frameworks */,
				D0E830282BDD94CF002322D0 /* FirebasePerformance in Frameworks */,
				D0E830202BDD94CF002322D0 /* FirebaseInAppMessagingSwift-Beta in Frameworks */,
				D0E8302E2BDD94CF002322D0 /* FirebaseStorage in Frameworks */,
				D0E830122BDD94CF002322D0 /* FirebaseDynamicLinks in Frameworks */,
				D0E830162BDD94CF002322D0 /* FirebaseFirestoreCombine-Community in Frameworks */,
				D0E830262BDD94CF002322D0 /* FirebaseMessaging in Frameworks */,
				D0E830222BDD94CF002322D0 /* FirebaseInstallations in Frameworks */,
			);
			runOnlyForDeploymentPostprocessing = 0;
		};
/* End PBXFrameworksBuildPhase section */

/* Begin PBXGroup section */
		D032E33A2BD6A0AC00C957E3 /* Components */ = {
			isa = PBXGroup;
			children = (
				D0FD47172C6FAA7900C9C40E /* View */,
				D0FD47182C6FAA8800C9C40E /* ViewModel */,
			);
			path = Components;
			sourceTree = "<group>";
		};
		D063366C2BE939E30086498F /* View */ = {
			isa = PBXGroup;
			children = (
				D032E3412BD6B8F200C957E3 /* SearchView.swift */,
			);
			path = View;
			sourceTree = "<group>";
		};
		D063366D2BE939F80086498F /* ViewModel */ = {
			isa = PBXGroup;
			children = (
				D063366E2BE93A200086498F /* SearchViewModel.swift */,
			);
			path = ViewModel;
			sourceTree = "<group>";
		};
		D06336722BE94E9C0086498F /* View */ = {
			isa = PBXGroup;
			children = (
				D0FD4E7E2BD3D4BA0040DE96 /* ProfileView.swift */,
				D032E3512BD80DBE00C957E3 /* CurrentUserProfileView.swift */,
				D07D116B2BDBF411007F32C1 /* ProfileHeaderView.swift */,
				D06336702BE948850086498F /* EditProfileView.swift */,
			);
			path = View;
			sourceTree = "<group>";
		};
		D06336732BE94EA60086498F /* ViewModel */ = {
			isa = PBXGroup;
			children = (
				D06336742BE94EDA0086498F /* EditProfileViewModel.swift */,
			);
			path = ViewModel;
			sourceTree = "<group>";
		};
		D0C047F92BE3D98200B9BB21 /* ViewModel */ = {
			isa = PBXGroup;
			children = (
				D0C047FA2BE3D9AE00B9BB21 /* RegistrationViewModel.swift */,
				D06336682BE690320086498F /* LoginViewModel.swift */,
			);
			path = ViewModel;
			sourceTree = "<group>";
		};
		D0E830312BDD9682002322D0 /* View */ = {
			isa = PBXGroup;
			children = (
				D032E3432BD6BC7300C957E3 /* LoginView.swift */,
				D032E3452BD7F9B500C957E3 /* AddEmailView.swift */,
				D032E3492BD7FE7F00C957E3 /* CreateUsernameView.swift */,
				D032E34B2BD800E600C957E3 /* CreatePasswordView.swift */,
				D032E34D2BD801EB00C957E3 /* CompleteSignUpView.swift */,
			);
			path = View;
			sourceTree = "<group>";
		};
		D0E830322BDD968A002322D0 /* Service */ = {
			isa = PBXGroup;
			children = (
				D0E830332BDD96B8002322D0 /* AuthService.swift */,
			);
			path = Service;
			sourceTree = "<group>";
		};
		D0E830352BDD9800002322D0 /* View */ = {
			isa = PBXGroup;
			children = (
				D0FD4E642BD3D1690040DE96 /* ContentView.swift */,
			);
			path = View;
			sourceTree = "<group>";
		};
		D0E830362BDD980C002322D0 /* ViewModel */ = {
			isa = PBXGroup;
			children = (
				D0E830372BDD9833002322D0 /* ContentViewModel.swift */,
			);
			path = ViewModel;
			sourceTree = "<group>";
		};
		D0FD470F2C6E43FD00C9C40E /* ViewModel */ = {
			isa = PBXGroup;
			children = (
				D07D116F2BDC0BD6007F32C1 /* UploadPostViewModel.swift */,
			);
			path = ViewModel;
			sourceTree = "<group>";
		};
		D0FD47102C6E440F00C9C40E /* View */ = {
			isa = PBXGroup;
			children = (
				D07D116D2BDBF778007F32C1 /* UploadPostView.swift */,
			);
			path = View;
			sourceTree = "<group>";
		};
		D0FD47112C6F9E3000C9C40E /* ViewModel */ = {
			isa = PBXGroup;
			children = (
				D0FD47132C6F9E7700C9C40E /* FeedViewModel.swift */,
			);
			path = ViewModel;
			sourceTree = "<group>";
		};
		D0FD47122C6F9E4D00C9C40E /* View */ = {
			isa = PBXGroup;
			children = (
				D032E33D2BD6AF8000C957E3 /* FeedView.swift */,
				D032E33F2BD6AF9300C957E3 /* FeedCell.swift */,
			);
			path = View;
			sourceTree = "<group>";
		};
		D0FD47172C6FAA7900C9C40E /* View */ = {
			isa = PBXGroup;
			children = (
				D032E33B2BD6A0DD00C957E3 /* UserStatView.swift */,
				D032E3472BD7FD9100C957E3 /* IGTextFieldModifire.swift */,
				D07D11692BDBF16A007F32C1 /* PostGridView.swift */,
				D0FD470D2C6E2FC900C9C40E /* CircularProfileImageView.swift */,
			);
			path = View;
			sourceTree = "<group>";
		};
		D0FD47182C6FAA8800C9C40E /* ViewModel */ = {
			isa = PBXGroup;
			children = (
				D0FD47192C6FAABA00C9C40E /* PostGridViewModel.swift */,
			);
			path = ViewModel;
			sourceTree = "<group>";
		};
		D0FD4E562BD3D1690040DE96 = {
			isa = PBXGroup;
			children = (
				D0FD4E612BD3D1690040DE96 /* SocialNetwork */,
				D0FD4E602BD3D1690040DE96 /* Products */,
			);
			sourceTree = "<group>";
		};
		D0FD4E602BD3D1690040DE96 /* Products */ = {
			isa = PBXGroup;
			children = (
				D0FD4E5F2BD3D1690040DE96 /* SocialNetwork.app */,
			);
			name = Products;
			sourceTree = "<group>";
		};
		D0FD4E612BD3D1690040DE96 /* SocialNetwork */ = {
			isa = PBXGroup;
			children = (
				D0FD4E742BD3D1DD0040DE96 /* App */,
				D0FD4E732BD3D1DA0040DE96 /* Core */,
				D0FD4E722BD3D1D00040DE96 /* Extensions */,
				D0FD4E712BD3D1B10040DE96 /* Model */,
				D0FD4E702BD3D1A90040DE96 /* Services */,
				D0FD4E662BD3D16A0040DE96 /* Assets.xcassets */,
				D0E82FF82BDD943A002322D0 /* GoogleService-Info.plist */,
				D0FD4E682BD3D16A0040DE96 /* Preview Content */,
			);
			path = SocialNetwork;
			sourceTree = "<group>";
		};
		D0FD4E682BD3D16A0040DE96 /* Preview Content */ = {
			isa = PBXGroup;
			children = (
				D0FD4E692BD3D16A0040DE96 /* Preview Assets.xcassets */,
			);
			path = "Preview Content";
			sourceTree = "<group>";
		};
		D0FD4E702BD3D1A90040DE96 /* Services */ = {
			isa = PBXGroup;
			children = (
				D063366A2BE9386B0086498F /* UserService.swift */,
				D0FD47082C6E27E800C9C40E /* ImageUploader.swift */,
				D0FD47152C6FA67200C9C40E /* PostSetvice.swift */,
			);
			path = Services;
			sourceTree = "<group>";
		};
		D0FD4E712BD3D1B10040DE96 /* Model */ = {
			isa = PBXGroup;
			children = (
				D032E34F2BD8046500C957E3 /* User.swift */,
				D07D11672BDBE5B9007F32C1 /* Post.swift */,
			);
			path = Model;
			sourceTree = "<group>";
		};
		D0FD4E722BD3D1D00040DE96 /* Extensions */ = {
			isa = PBXGroup;
			children = (
			);
			path = Extensions;
			sourceTree = "<group>";
		};
		D0FD4E732BD3D1DA0040DE96 /* Core */ = {
			isa = PBXGroup;
			children = (
				D032E33A2BD6A0AC00C957E3 /* Components */,
				D0FD4E792BD3D2350040DE96 /* Authentification */,
				D0FD4E772BD3D2210040DE96 /* Profile */,
				D0FD4E782BD3D2260040DE96 /* Feed */,
				D0FD4E752BD3D21A0040DE96 /* Search */,
				D0FD4E762BD3D21C0040DE96 /* Root */,
				D0FD4E7A2BD3D27E0040DE96 /* UploadPost */,
				D0FD4E7B2BD3D2810040DE96 /* TabBar */,
			);
			path = Core;
			sourceTree = "<group>";
		};
		D0FD4E742BD3D1DD0040DE96 /* App */ = {
			isa = PBXGroup;
			children = (
				D0FD4E622BD3D1690040DE96 /* SocialNetworkApp.swift */,
			);
			path = App;
			sourceTree = "<group>";
		};
		D0FD4E752BD3D21A0040DE96 /* Search */ = {
			isa = PBXGroup;
			children = (
				D063366C2BE939E30086498F /* View */,
				D063366D2BE939F80086498F /* ViewModel */,
			);
			path = Search;
			sourceTree = "<group>";
		};
		D0FD4E762BD3D21C0040DE96 /* Root */ = {
			isa = PBXGroup;
			children = (
				D0E830352BDD9800002322D0 /* View */,
				D0E830362BDD980C002322D0 /* ViewModel */,
			);
			path = Root;
			sourceTree = "<group>";
		};
		D0FD4E772BD3D2210040DE96 /* Profile */ = {
			isa = PBXGroup;
			children = (
				D06336722BE94E9C0086498F /* View */,
				D06336732BE94EA60086498F /* ViewModel */,
			);
			path = Profile;
			sourceTree = "<group>";
		};
		D0FD4E782BD3D2260040DE96 /* Feed */ = {
			isa = PBXGroup;
			children = (
				D0FD47122C6F9E4D00C9C40E /* View */,
				D0FD47112C6F9E3000C9C40E /* ViewModel */,
			);
			path = Feed;
			sourceTree = "<group>";
		};
		D0FD4E792BD3D2350040DE96 /* Authentification */ = {
			isa = PBXGroup;
			children = (
				D0C047F92BE3D98200B9BB21 /* ViewModel */,
				D0E830312BDD9682002322D0 /* View */,
				D0E830322BDD968A002322D0 /* Service */,
			);
			path = Authentification;
			sourceTree = "<group>";
		};
		D0FD4E7A2BD3D27E0040DE96 /* UploadPost */ = {
			isa = PBXGroup;
			children = (
				D0FD47102C6E440F00C9C40E /* View */,
				D0FD470F2C6E43FD00C9C40E /* ViewModel */,
			);
			path = UploadPost;
			sourceTree = "<group>";
		};
		D0FD4E7B2BD3D2810040DE96 /* TabBar */ = {
			isa = PBXGroup;
			children = (
				D0FD4E7C2BD3D3570040DE96 /* MainTabView.swift */,
			);
			path = TabBar;
			sourceTree = "<group>";
		};
/* End PBXGroup section */

/* Begin PBXNativeTarget section */
		D0FD4E5E2BD3D1690040DE96 /* SocialNetwork */ = {
			isa = PBXNativeTarget;
			buildConfigurationList = D0FD4E6D2BD3D16A0040DE96 /* Build configuration list for PBXNativeTarget "SocialNetwork" */;
			buildPhases = (
				D0FD4E5B2BD3D1690040DE96 /* Sources */,
				D0FD4E5C2BD3D1690040DE96 /* Frameworks */,
				D0FD4E5D2BD3D1690040DE96 /* Resources */,
			);
			buildRules = (
			);
			dependencies = (
			);
			name = SocialNetwork;
			packageProductDependencies = (
				D0E82FFB2BDD94CF002322D0 /* FirebaseAnalytics */,
				D0E82FFD2BDD94CF002322D0 /* FirebaseAnalyticsOnDeviceConversion */,
				D0E82FFF2BDD94CF002322D0 /* FirebaseAnalyticsSwift */,
				D0E830012BDD94CF002322D0 /* FirebaseAnalyticsWithoutAdIdSupport */,
				D0E830032BDD94CF002322D0 /* FirebaseAppCheck */,
				D0E830052BDD94CF002322D0 /* FirebaseAppDistribution-Beta */,
				D0E830072BDD94CF002322D0 /* FirebaseAuth */,
				D0E830092BDD94CF002322D0 /* FirebaseAuthCombine-Community */,
				D0E8300B2BDD94CF002322D0 /* FirebaseCrashlytics */,
				D0E8300D2BDD94CF002322D0 /* FirebaseDatabase */,
				D0E8300F2BDD94CF002322D0 /* FirebaseDatabaseSwift */,
				D0E830112BDD94CF002322D0 /* FirebaseDynamicLinks */,
				D0E830132BDD94CF002322D0 /* FirebaseFirestore */,
				D0E830152BDD94CF002322D0 /* FirebaseFirestoreCombine-Community */,
				D0E830172BDD94CF002322D0 /* FirebaseFirestoreSwift */,
				D0E830192BDD94CF002322D0 /* FirebaseFunctions */,
				D0E8301B2BDD94CF002322D0 /* FirebaseFunctionsCombine-Community */,
				D0E8301D2BDD94CF002322D0 /* FirebaseInAppMessaging-Beta */,
				D0E8301F2BDD94CF002322D0 /* FirebaseInAppMessagingSwift-Beta */,
				D0E830212BDD94CF002322D0 /* FirebaseInstallations */,
				D0E830232BDD94CF002322D0 /* FirebaseMLModelDownloader */,
				D0E830252BDD94CF002322D0 /* FirebaseMessaging */,
				D0E830272BDD94CF002322D0 /* FirebasePerformance */,
				D0E830292BDD94CF002322D0 /* FirebaseRemoteConfig */,
				D0E8302B2BDD94CF002322D0 /* FirebaseRemoteConfigSwift */,
				D0E8302D2BDD94CF002322D0 /* FirebaseStorage */,
				D0E8302F2BDD94CF002322D0 /* FirebaseStorageCombine-Community */,
				D0FD470B2C6E2F2200C9C40E /* Kingfisher */,
			);
			productName = SocialNetwork;
			productReference = D0FD4E5F2BD3D1690040DE96 /* SocialNetwork.app */;
			productType = "com.apple.product-type.application";
		};
/* End PBXNativeTarget section */

/* Begin PBXProject section */
		D0FD4E572BD3D1690040DE96 /* Project object */ = {
			isa = PBXProject;
			attributes = {
				BuildIndependentTargetsInParallel = 1;
				LastSwiftUpdateCheck = 1500;
				LastUpgradeCheck = 1500;
				TargetAttributes = {
					D0FD4E5E2BD3D1690040DE96 = {
						CreatedOnToolsVersion = 15.0.1;
					};
				};
			};
			buildConfigurationList = D0FD4E5A2BD3D1690040DE96 /* Build configuration list for PBXProject "SocialNetwork" */;
			compatibilityVersion = "Xcode 14.0";
			developmentRegion = en;
			hasScannedForEncodings = 0;
			knownRegions = (
				en,
				Base,
			);
			mainGroup = D0FD4E562BD3D1690040DE96;
			packageReferences = (
				D0E82FFA2BDD94CF002322D0 /* XCRemoteSwiftPackageReference "firebase-ios-sdk" */,
				D0FD470A2C6E2F2200C9C40E /* XCRemoteSwiftPackageReference "Kingfisher" */,
			);
			productRefGroup = D0FD4E602BD3D1690040DE96 /* Products */;
			projectDirPath = "";
			projectRoot = "";
			targets = (
				D0FD4E5E2BD3D1690040DE96 /* SocialNetwork */,
			);
		};
/* End PBXProject section */

/* Begin PBXResourcesBuildPhase section */
		D0FD4E5D2BD3D1690040DE96 /* Resources */ = {
			isa = PBXResourcesBuildPhase;
			buildActionMask = 2147483647;
			files = (
				D0FD4E6A2BD3D16A0040DE96 /* Preview Assets.xcassets in Resources */,
				D0FD4E672BD3D16A0040DE96 /* Assets.xcassets in Resources */,
				D0E82FF92BDD943A002322D0 /* GoogleService-Info.plist in Resources */,
			);
			runOnlyForDeploymentPostprocessing = 0;
		};
/* End PBXResourcesBuildPhase section */

/* Begin PBXSourcesBuildPhase section */
		D0FD4E5B2BD3D1690040DE96 /* Sources */ = {
			isa = PBXSourcesBuildPhase;
			buildActionMask = 2147483647;
			files = (
				D032E3402BD6AF9300C957E3 /* FeedCell.swift in Sources */,
				D07D116E2BDBF778007F32C1 /* UploadPostView.swift in Sources */,
				D0FD4E7F2BD3D4BA0040DE96 /* ProfileView.swift in Sources */,
				D0FD4E652BD3D1690040DE96 /* ContentView.swift in Sources */,
				D032E3442BD6BC7300C957E3 /* LoginView.swift in Sources */,
				D06336752BE94EDA0086498F /* EditProfileViewModel.swift in Sources */,
				D0E830342BDD96B8002322D0 /* AuthService.swift in Sources */,
				D063366B2BE9386C0086498F /* UserService.swift in Sources */,
				D07D11682BDBE5B9007F32C1 /* Post.swift in Sources */,
				D0FD4E632BD3D1690040DE96 /* SocialNetworkApp.swift in Sources */,
				D032E3522BD80DBE00C957E3 /* CurrentUserProfileView.swift in Sources */,
				D032E3482BD7FD9100C957E3 /* IGTextFieldModifire.swift in Sources */,
				D07D116A2BDBF16A007F32C1 /* PostGridView.swift in Sources */,
				D032E34A2BD7FE7F00C957E3 /* CreateUsernameView.swift in Sources */,
				D0FD47142C6F9E7700C9C40E /* FeedViewModel.swift in Sources */,
				D0E830382BDD9833002322D0 /* ContentViewModel.swift in Sources */,
				D06336712BE948860086498F /* EditProfileView.swift in Sources */,
				D06336692BE690320086498F /* LoginViewModel.swift in Sources */,
				D0FD471A2C6FAABA00C9C40E /* PostGridViewModel.swift in Sources */,
				D0FD47092C6E27E800C9C40E /* ImageUploader.swift in Sources */,
				D0C047FB2BE3D9AE00B9BB21 /* RegistrationViewModel.swift in Sources */,
				D07D11702BDC0BD6007F32C1 /* UploadPostViewModel.swift in Sources */,
				D07D116C2BDBF411007F32C1 /* ProfileHeaderView.swift in Sources */,
				D032E34E2BD801EB00C957E3 /* CompleteSignUpView.swift in Sources */,
				D032E3502BD8046500C957E3 /* User.swift in Sources */,
				D032E3462BD7F9B500C957E3 /* AddEmailView.swift in Sources */,
				D032E3422BD6B8F200C957E3 /* SearchView.swift in Sources */,
				D032E33C2BD6A0DD00C957E3 /* UserStatView.swift in Sources */,
				D0FD47162C6FA67200C9C40E /* PostSetvice.swift in Sources */,
				D032E33E2BD6AF8000C957E3 /* FeedView.swift in Sources */,
				D0FD470E2C6E2FC900C9C40E /* CircularProfileImageView.swift in Sources */,
				D063366F2BE93A200086498F /* SearchViewModel.swift in Sources */,
				D0FD4E7D2BD3D3570040DE96 /* MainTabView.swift in Sources */,
				D032E34C2BD800E600C957E3 /* CreatePasswordView.swift in Sources */,
			);
			runOnlyForDeploymentPostprocessing = 0;
		};
/* End PBXSourcesBuildPhase section */

/* Begin XCBuildConfiguration section */
		D0FD4E6B2BD3D16A0040DE96 /* Debug */ = {
			isa = XCBuildConfiguration;
			buildSettings = {
				ALWAYS_SEARCH_USER_PATHS = NO;
				ASSETCATALOG_COMPILER_GENERATE_SWIFT_ASSET_SYMBOL_EXTENSIONS = YES;
				CLANG_ANALYZER_NONNULL = YES;
				CLANG_ANALYZER_NUMBER_OBJECT_CONVERSION = YES_AGGRESSIVE;
				CLANG_CXX_LANGUAGE_STANDARD = "gnu++20";
				CLANG_ENABLE_MODULES = YES;
				CLANG_ENABLE_OBJC_ARC = YES;
				CLANG_ENABLE_OBJC_WEAK = YES;
				CLANG_WARN_BLOCK_CAPTURE_AUTORELEASING = YES;
				CLANG_WARN_BOOL_CONVERSION = YES;
				CLANG_WARN_COMMA = YES;
				CLANG_WARN_CONSTANT_CONVERSION = YES;
				CLANG_WARN_DEPRECATED_OBJC_IMPLEMENTATIONS = YES;
				CLANG_WARN_DIRECT_OBJC_ISA_USAGE = YES_ERROR;
				CLANG_WARN_DOCUMENTATION_COMMENTS = YES;
				CLANG_WARN_EMPTY_BODY = YES;
				CLANG_WARN_ENUM_CONVERSION = YES;
				CLANG_WARN_INFINITE_RECURSION = YES;
				CLANG_WARN_INT_CONVERSION = YES;
				CLANG_WARN_NON_LITERAL_NULL_CONVERSION = YES;
				CLANG_WARN_OBJC_IMPLICIT_RETAIN_SELF = YES;
				CLANG_WARN_OBJC_LITERAL_CONVERSION = YES;
				CLANG_WARN_OBJC_ROOT_CLASS = YES_ERROR;
				CLANG_WARN_QUOTED_INCLUDE_IN_FRAMEWORK_HEADER = YES;
				CLANG_WARN_RANGE_LOOP_ANALYSIS = YES;
				CLANG_WARN_STRICT_PROTOTYPES = YES;
				CLANG_WARN_SUSPICIOUS_MOVE = YES;
				CLANG_WARN_UNGUARDED_AVAILABILITY = YES_AGGRESSIVE;
				CLANG_WARN_UNREACHABLE_CODE = YES;
				CLANG_WARN__DUPLICATE_METHOD_MATCH = YES;
				COPY_PHASE_STRIP = NO;
				DEBUG_INFORMATION_FORMAT = dwarf;
				ENABLE_STRICT_OBJC_MSGSEND = YES;
				ENABLE_TESTABILITY = YES;
				ENABLE_USER_SCRIPT_SANDBOXING = YES;
				GCC_C_LANGUAGE_STANDARD = gnu17;
				GCC_DYNAMIC_NO_PIC = NO;
				GCC_NO_COMMON_BLOCKS = YES;
				GCC_OPTIMIZATION_LEVEL = 0;
				GCC_PREPROCESSOR_DEFINITIONS = (
					"DEBUG=1",
					"$(inherited)",
				);
				GCC_WARN_64_TO_32_BIT_CONVERSION = YES;
				GCC_WARN_ABOUT_RETURN_TYPE = YES_ERROR;
				GCC_WARN_UNDECLARED_SELECTOR = YES;
				GCC_WARN_UNINITIALIZED_AUTOS = YES_AGGRESSIVE;
				GCC_WARN_UNUSED_FUNCTION = YES;
				GCC_WARN_UNUSED_VARIABLE = YES;
				IPHONEOS_DEPLOYMENT_TARGET = 17.0;
				LOCALIZATION_PREFERS_STRING_CATALOGS = YES;
				MTL_ENABLE_DEBUG_INFO = INCLUDE_SOURCE;
				MTL_FAST_MATH = YES;
				ONLY_ACTIVE_ARCH = YES;
				SDKROOT = iphoneos;
				SWIFT_ACTIVE_COMPILATION_CONDITIONS = "DEBUG $(inherited)";
				SWIFT_OPTIMIZATION_LEVEL = "-Onone";
			};
			name = Debug;
		};
		D0FD4E6C2BD3D16A0040DE96 /* Release */ = {
			isa = XCBuildConfiguration;
			buildSettings = {
				ALWAYS_SEARCH_USER_PATHS = NO;
				ASSETCATALOG_COMPILER_GENERATE_SWIFT_ASSET_SYMBOL_EXTENSIONS = YES;
				CLANG_ANALYZER_NONNULL = YES;
				CLANG_ANALYZER_NUMBER_OBJECT_CONVERSION = YES_AGGRESSIVE;
				CLANG_CXX_LANGUAGE_STANDARD = "gnu++20";
				CLANG_ENABLE_MODULES = YES;
				CLANG_ENABLE_OBJC_ARC = YES;
				CLANG_ENABLE_OBJC_WEAK = YES;
				CLANG_WARN_BLOCK_CAPTURE_AUTORELEASING = YES;
				CLANG_WARN_BOOL_CONVERSION = YES;
				CLANG_WARN_COMMA = YES;
				CLANG_WARN_CONSTANT_CONVERSION = YES;
				CLANG_WARN_DEPRECATED_OBJC_IMPLEMENTATIONS = YES;
				CLANG_WARN_DIRECT_OBJC_ISA_USAGE = YES_ERROR;
				CLANG_WARN_DOCUMENTATION_COMMENTS = YES;
				CLANG_WARN_EMPTY_BODY = YES;
				CLANG_WARN_ENUM_CONVERSION = YES;
				CLANG_WARN_INFINITE_RECURSION = YES;
				CLANG_WARN_INT_CONVERSION = YES;
				CLANG_WARN_NON_LITERAL_NULL_CONVERSION = YES;
				CLANG_WARN_OBJC_IMPLICIT_RETAIN_SELF = YES;
				CLANG_WARN_OBJC_LITERAL_CONVERSION = YES;
				CLANG_WARN_OBJC_ROOT_CLASS = YES_ERROR;
				CLANG_WARN_QUOTED_INCLUDE_IN_FRAMEWORK_HEADER = YES;
				CLANG_WARN_RANGE_LOOP_ANALYSIS = YES;
				CLANG_WARN_STRICT_PROTOTYPES = YES;
				CLANG_WARN_SUSPICIOUS_MOVE = YES;
				CLANG_WARN_UNGUARDED_AVAILABILITY = YES_AGGRESSIVE;
				CLANG_WARN_UNREACHABLE_CODE = YES;
				CLANG_WARN__DUPLICATE_METHOD_MATCH = YES;
				COPY_PHASE_STRIP = NO;
				DEBUG_INFORMATION_FORMAT = "dwarf-with-dsym";
				ENABLE_NS_ASSERTIONS = NO;
				ENABLE_STRICT_OBJC_MSGSEND = YES;
				ENABLE_USER_SCRIPT_SANDBOXING = YES;
				GCC_C_LANGUAGE_STANDARD = gnu17;
				GCC_NO_COMMON_BLOCKS = YES;
				GCC_WARN_64_TO_32_BIT_CONVERSION = YES;
				GCC_WARN_ABOUT_RETURN_TYPE = YES_ERROR;
				GCC_WARN_UNDECLARED_SELECTOR = YES;
				GCC_WARN_UNINITIALIZED_AUTOS = YES_AGGRESSIVE;
				GCC_WARN_UNUSED_FUNCTION = YES;
				GCC_WARN_UNUSED_VARIABLE = YES;
				IPHONEOS_DEPLOYMENT_TARGET = 17.0;
				LOCALIZATION_PREFERS_STRING_CATALOGS = YES;
				MTL_ENABLE_DEBUG_INFO = NO;
				MTL_FAST_MATH = YES;
				SDKROOT = iphoneos;
				SWIFT_COMPILATION_MODE = wholemodule;
				VALIDATE_PRODUCT = YES;
			};
			name = Release;
		};
		D0FD4E6E2BD3D16A0040DE96 /* Debug */ = {
			isa = XCBuildConfiguration;
			buildSettings = {
				ASSETCATALOG_COMPILER_APPICON_NAME = AppIcon;
				ASSETCATALOG_COMPILER_GLOBAL_ACCENT_COLOR_NAME = AccentColor;
				CODE_SIGN_STYLE = Automatic;
				CURRENT_PROJECT_VERSION = 1;
				DEVELOPMENT_ASSET_PATHS = "\"SocialNetwork/Preview Content\"";
				ENABLE_PREVIEWS = YES;
				GENERATE_INFOPLIST_FILE = YES;
				INFOPLIST_KEY_UIApplicationSceneManifest_Generation = YES;
				INFOPLIST_KEY_UIApplicationSupportsIndirectInputEvents = YES;
				INFOPLIST_KEY_UILaunchScreen_Generation = YES;
				INFOPLIST_KEY_UISupportedInterfaceOrientations_iPad = "UIInterfaceOrientationPortrait UIInterfaceOrientationPortraitUpsideDown UIInterfaceOrientationLandscapeLeft UIInterfaceOrientationLandscapeRight";
				INFOPLIST_KEY_UISupportedInterfaceOrientations_iPhone = "UIInterfaceOrientationPortrait UIInterfaceOrientationLandscapeLeft UIInterfaceOrientationLandscapeRight";
				LD_RUNPATH_SEARCH_PATHS = (
					"$(inherited)",
					"@executable_path/Frameworks",
				);
				MARKETING_VERSION = 1.0;
				PRODUCT_BUNDLE_IDENTIFIER = Lukav.SocialNetwork;
				PRODUCT_NAME = "$(TARGET_NAME)";
				SWIFT_EMIT_LOC_STRINGS = YES;
				SWIFT_VERSION = 5.0;
				TARGETED_DEVICE_FAMILY = "1,2";
			};
			name = Debug;
		};
		D0FD4E6F2BD3D16A0040DE96 /* Release */ = {
			isa = XCBuildConfiguration;
			buildSettings = {
				ASSETCATALOG_COMPILER_APPICON_NAME = AppIcon;
				ASSETCATALOG_COMPILER_GLOBAL_ACCENT_COLOR_NAME = AccentColor;
				CODE_SIGN_STYLE = Automatic;
				CURRENT_PROJECT_VERSION = 1;
				DEVELOPMENT_ASSET_PATHS = "\"SocialNetwork/Preview Content\"";
				ENABLE_PREVIEWS = YES;
				GENERATE_INFOPLIST_FILE = YES;
				INFOPLIST_KEY_UIApplicationSceneManifest_Generation = YES;
				INFOPLIST_KEY_UIApplicationSupportsIndirectInputEvents = YES;
				INFOPLIST_KEY_UILaunchScreen_Generation = YES;
				INFOPLIST_KEY_UISupportedInterfaceOrientations_iPad = "UIInterfaceOrientationPortrait UIInterfaceOrientationPortraitUpsideDown UIInterfaceOrientationLandscapeLeft UIInterfaceOrientationLandscapeRight";
				INFOPLIST_KEY_UISupportedInterfaceOrientations_iPhone = "UIInterfaceOrientationPortrait UIInterfaceOrientationLandscapeLeft UIInterfaceOrientationLandscapeRight";
				LD_RUNPATH_SEARCH_PATHS = (
					"$(inherited)",
					"@executable_path/Frameworks",
				);
				MARKETING_VERSION = 1.0;
				PRODUCT_BUNDLE_IDENTIFIER = Lukav.SocialNetwork;
				PRODUCT_NAME = "$(TARGET_NAME)";
				SWIFT_EMIT_LOC_STRINGS = YES;
				SWIFT_VERSION = 5.0;
				TARGETED_DEVICE_FAMILY = "1,2";
			};
			name = Release;
		};
/* End XCBuildConfiguration section */

/* Begin XCConfigurationList section */
		D0FD4E5A2BD3D1690040DE96 /* Build configuration list for PBXProject "SocialNetwork" */ = {
			isa = XCConfigurationList;
			buildConfigurations = (
				D0FD4E6B2BD3D16A0040DE96 /* Debug */,
				D0FD4E6C2BD3D16A0040DE96 /* Release */,
			);
			defaultConfigurationIsVisible = 0;
			defaultConfigurationName = Release;
		};
		D0FD4E6D2BD3D16A0040DE96 /* Build configuration list for PBXNativeTarget "SocialNetwork" */ = {
			isa = XCConfigurationList;
			buildConfigurations = (
				D0FD4E6E2BD3D16A0040DE96 /* Debug */,
				D0FD4E6F2BD3D16A0040DE96 /* Release */,
			);
			defaultConfigurationIsVisible = 0;
			defaultConfigurationName = Release;
		};
/* End XCConfigurationList section */

/* Begin XCRemoteSwiftPackageReference section */
		D0E82FFA2BDD94CF002322D0 /* XCRemoteSwiftPackageReference "firebase-ios-sdk" */ = {
			isa = XCRemoteSwiftPackageReference;
			repositoryURL = "https://github.com/firebase/firebase-ios-sdk";
			requirement = {
				kind = upToNextMajorVersion;
				minimumVersion = 10.24.0;
			};
		};
		D0FD470A2C6E2F2200C9C40E /* XCRemoteSwiftPackageReference "Kingfisher" */ = {
			isa = XCRemoteSwiftPackageReference;
			repositoryURL = "https://github.com/onevcat/Kingfisher";
			requirement = {
				kind = upToNextMajorVersion;
				minimumVersion = 7.12.0;
			};
		};
/* End XCRemoteSwiftPackageReference section */

/* Begin XCSwiftPackageProductDependency section */
		D0E82FFB2BDD94CF002322D0 /* FirebaseAnalytics */ = {
			isa = XCSwiftPackageProductDependency;
			package = D0E82FFA2BDD94CF002322D0 /* XCRemoteSwiftPackageReference "firebase-ios-sdk" */;
			productName = FirebaseAnalytics;
		};
		D0E82FFD2BDD94CF002322D0 /* FirebaseAnalyticsOnDeviceConversion */ = {
			isa = XCSwiftPackageProductDependency;
			package = D0E82FFA2BDD94CF002322D0 /* XCRemoteSwiftPackageReference "firebase-ios-sdk" */;
			productName = FirebaseAnalyticsOnDeviceConversion;
		};
		D0E82FFF2BDD94CF002322D0 /* FirebaseAnalyticsSwift */ = {
			isa = XCSwiftPackageProductDependency;
			package = D0E82FFA2BDD94CF002322D0 /* XCRemoteSwiftPackageReference "firebase-ios-sdk" */;
			productName = FirebaseAnalyticsSwift;
		};
		D0E830012BDD94CF002322D0 /* FirebaseAnalyticsWithoutAdIdSupport */ = {
			isa = XCSwiftPackageProductDependency;
			package = D0E82FFA2BDD94CF002322D0 /* XCRemoteSwiftPackageReference "firebase-ios-sdk" */;
			productName = FirebaseAnalyticsWithoutAdIdSupport;
		};
		D0E830032BDD94CF002322D0 /* FirebaseAppCheck */ = {
			isa = XCSwiftPackageProductDependency;
			package = D0E82FFA2BDD94CF002322D0 /* XCRemoteSwiftPackageReference "firebase-ios-sdk" */;
			productName = FirebaseAppCheck;
		};
		D0E830052BDD94CF002322D0 /* FirebaseAppDistribution-Beta */ = {
			isa = XCSwiftPackageProductDependency;
			package = D0E82FFA2BDD94CF002322D0 /* XCRemoteSwiftPackageReference "firebase-ios-sdk" */;
			productName = "FirebaseAppDistribution-Beta";
		};
		D0E830072BDD94CF002322D0 /* FirebaseAuth */ = {
			isa = XCSwiftPackageProductDependency;
			package = D0E82FFA2BDD94CF002322D0 /* XCRemoteSwiftPackageReference "firebase-ios-sdk" */;
			productName = FirebaseAuth;
		};
		D0E830092BDD94CF002322D0 /* FirebaseAuthCombine-Community */ = {
			isa = XCSwiftPackageProductDependency;
			package = D0E82FFA2BDD94CF002322D0 /* XCRemoteSwiftPackageReference "firebase-ios-sdk" */;
			productName = "FirebaseAuthCombine-Community";
		};
		D0E8300B2BDD94CF002322D0 /* FirebaseCrashlytics */ = {
			isa = XCSwiftPackageProductDependency;
			package = D0E82FFA2BDD94CF002322D0 /* XCRemoteSwiftPackageReference "firebase-ios-sdk" */;
			productName = FirebaseCrashlytics;
		};
		D0E8300D2BDD94CF002322D0 /* FirebaseDatabase */ = {
			isa = XCSwiftPackageProductDependency;
			package = D0E82FFA2BDD94CF002322D0 /* XCRemoteSwiftPackageReference "firebase-ios-sdk" */;
			productName = FirebaseDatabase;
		};
		D0E8300F2BDD94CF002322D0 /* FirebaseDatabaseSwift */ = {
			isa = XCSwiftPackageProductDependency;
			package = D0E82FFA2BDD94CF002322D0 /* XCRemoteSwiftPackageReference "firebase-ios-sdk" */;
			productName = FirebaseDatabaseSwift;
		};
		D0E830112BDD94CF002322D0 /* FirebaseDynamicLinks */ = {
			isa = XCSwiftPackageProductDependency;
			package = D0E82FFA2BDD94CF002322D0 /* XCRemoteSwiftPackageReference "firebase-ios-sdk" */;
			productName = FirebaseDynamicLinks;
		};
		D0E830132BDD94CF002322D0 /* FirebaseFirestore */ = {
			isa = XCSwiftPackageProductDependency;
			package = D0E82FFA2BDD94CF002322D0 /* XCRemoteSwiftPackageReference "firebase-ios-sdk" */;
			productName = FirebaseFirestore;
		};
		D0E830152BDD94CF002322D0 /* FirebaseFirestoreCombine-Community */ = {
			isa = XCSwiftPackageProductDependency;
			package = D0E82FFA2BDD94CF002322D0 /* XCRemoteSwiftPackageReference "firebase-ios-sdk" */;
			productName = "FirebaseFirestoreCombine-Community";
		};
		D0E830172BDD94CF002322D0 /* FirebaseFirestoreSwift */ = {
			isa = XCSwiftPackageProductDependency;
			package = D0E82FFA2BDD94CF002322D0 /* XCRemoteSwiftPackageReference "firebase-ios-sdk" */;
			productName = FirebaseFirestoreSwift;
		};
		D0E830192BDD94CF002322D0 /* FirebaseFunctions */ = {
			isa = XCSwiftPackageProductDependency;
			package = D0E82FFA2BDD94CF002322D0 /* XCRemoteSwiftPackageReference "firebase-ios-sdk" */;
			productName = FirebaseFunctions;
		};
		D0E8301B2BDD94CF002322D0 /* FirebaseFunctionsCombine-Community */ = {
			isa = XCSwiftPackageProductDependency;
			package = D0E82FFA2BDD94CF002322D0 /* XCRemoteSwiftPackageReference "firebase-ios-sdk" */;
			productName = "FirebaseFunctionsCombine-Community";
		};
		D0E8301D2BDD94CF002322D0 /* FirebaseInAppMessaging-Beta */ = {
			isa = XCSwiftPackageProductDependency;
			package = D0E82FFA2BDD94CF002322D0 /* XCRemoteSwiftPackageReference "firebase-ios-sdk" */;
			productName = "FirebaseInAppMessaging-Beta";
		};
		D0E8301F2BDD94CF002322D0 /* FirebaseInAppMessagingSwift-Beta */ = {
			isa = XCSwiftPackageProductDependency;
			package = D0E82FFA2BDD94CF002322D0 /* XCRemoteSwiftPackageReference "firebase-ios-sdk" */;
			productName = "FirebaseInAppMessagingSwift-Beta";
		};
		D0E830212BDD94CF002322D0 /* FirebaseInstallations */ = {
			isa = XCSwiftPackageProductDependency;
			package = D0E82FFA2BDD94CF002322D0 /* XCRemoteSwiftPackageReference "firebase-ios-sdk" */;
			productName = FirebaseInstallations;
		};
		D0E830232BDD94CF002322D0 /* FirebaseMLModelDownloader */ = {
			isa = XCSwiftPackageProductDependency;
			package = D0E82FFA2BDD94CF002322D0 /* XCRemoteSwiftPackageReference "firebase-ios-sdk" */;
			productName = FirebaseMLModelDownloader;
		};
		D0E830252BDD94CF002322D0 /* FirebaseMessaging */ = {
			isa = XCSwiftPackageProductDependency;
			package = D0E82FFA2BDD94CF002322D0 /* XCRemoteSwiftPackageReference "firebase-ios-sdk" */;
			productName = FirebaseMessaging;
		};
		D0E830272BDD94CF002322D0 /* FirebasePerformance */ = {
			isa = XCSwiftPackageProductDependency;
			package = D0E82FFA2BDD94CF002322D0 /* XCRemoteSwiftPackageReference "firebase-ios-sdk" */;
			productName = FirebasePerformance;
		};
		D0E830292BDD94CF002322D0 /* FirebaseRemoteConfig */ = {
			isa = XCSwiftPackageProductDependency;
			package = D0E82FFA2BDD94CF002322D0 /* XCRemoteSwiftPackageReference "firebase-ios-sdk" */;
			productName = FirebaseRemoteConfig;
		};
		D0E8302B2BDD94CF002322D0 /* FirebaseRemoteConfigSwift */ = {
			isa = XCSwiftPackageProductDependency;
			package = D0E82FFA2BDD94CF002322D0 /* XCRemoteSwiftPackageReference "firebase-ios-sdk" */;
			productName = FirebaseRemoteConfigSwift;
		};
		D0E8302D2BDD94CF002322D0 /* FirebaseStorage */ = {
			isa = XCSwiftPackageProductDependency;
			package = D0E82FFA2BDD94CF002322D0 /* XCRemoteSwiftPackageReference "firebase-ios-sdk" */;
			productName = FirebaseStorage;
		};
		D0E8302F2BDD94CF002322D0 /* FirebaseStorageCombine-Community */ = {
			isa = XCSwiftPackageProductDependency;
			package = D0E82FFA2BDD94CF002322D0 /* XCRemoteSwiftPackageReference "firebase-ios-sdk" */;
			productName = "FirebaseStorageCombine-Community";
		};
		D0FD470B2C6E2F2200C9C40E /* Kingfisher */ = {
			isa = XCSwiftPackageProductDependency;
			package = D0FD470A2C6E2F2200C9C40E /* XCRemoteSwiftPackageReference "Kingfisher" */;
			productName = Kingfisher;
		};
/* End XCSwiftPackageProductDependency section */
	};
	rootObject = D0FD4E572BD3D1690040DE96 /* Project object */;
}
